
Microsoft Visual Studio Solution File, Format Version 12.00
# Visual Studio 2015
Project("{FAE04EC0-301F-11D3-BF4B-00C04F79EFBC}") = "nativeplugin2D.CSharp", "nativeplugin2D.CSharp.csproj", "{70D4D6BF-3F19-A0D8-ADA0-8A82868CD97B}"
EndProject
Project("{FAE04EC0-301F-11D3-BF4B-00C04F79EFBC}") = "nativeplugin2D.CSharp.Editor", "nativeplugin2D.CSharp.Editor.csproj", "{5E352C75-E8B2-E7B2-D80B-7C37BB44DECF}"
EndProject
Global
	GlobalSection(SolutionConfigurationPlatforms) = preSolution
		Debug|Any CPU = Debug|Any CPU
		Release|Any CPU = Release|Any CPU
	EndGlobalSection
	GlobalSection(ProjectConfigurationPlatforms) = postSolution
		{70D4D6BF-3F19-A0D8-ADA0-8A82868CD97B}.Debug|Any CPU.ActiveCfg = Debug|Any CPU
		{70D4D6BF-3F19-A0D8-ADA0-8A82868CD97B}.Debug|Any CPU.Build.0 = Debug|Any CPU
		{70D4D6BF-3F19-A0D8-ADA0-8A82868CD97B}.Release|Any CPU.ActiveCfg = Release|Any CPU
		{70D4D6BF-3F19-A0D8-ADA0-8A82868CD97B}.Release|Any CPU.Build.0 = Release|Any CPU
		{5E352C75-E8B2-E7B2-D80B-7C37BB44DECF}.Debug|Any CPU.ActiveCfg = Debug|Any CPU
		{5E352C75-E8B2-E7B2-D80B-7C37BB44DECF}.Debug|Any CPU.Build.0 = Debug|Any CPU
		{5E352C75-E8B2-E7B2-D80B-7C37BB44DECF}.Release|Any CPU.ActiveCfg = Release|Any CPU
		{5E352C75-E8B2-E7B2-D80B-7C37BB44DECF}.Release|Any CPU.Build.0 = Release|Any CPU
	EndGlobalSection
	GlobalSection(SolutionProperties) = preSolution
		HideSolutionNode = FALSE
	EndGlobalSection
EndGlobal
